
Microsoft Visual Studio Solution File, Format Version 12.00
# Visual Studio 2013
VisualStudioVersion = 12.0.31101.0
MinimumVisualStudioVersion = 10.0.40219.1
Project("{FAE04EC0-301F-11D3-BF4B-00C04F79EFBC}") = "IdmPowerShell", "IdmPowerShell\IdmPowerShell.csproj", "{215301CD-A13A-40AB-9411-B1776B659E18}"
EndProject
Project("{FAE04EC0-301F-11D3-BF4B-00C04F79EFBC}") = "IdmPowerShell.Tests", "IdmPowerShell.Tests\IdmPowerShell.Tests.csproj", "{7D430891-5EB2-4638-A9AE-75C46FDC893F}"
EndProject
Global
	GlobalSection(SolutionConfigurationPlatforms) = preSolution
		Debug|Any CPU = Debug|Any CPU
		Release|Any CPU = Release|Any CPU
	EndGlobalSection
	GlobalSection(ProjectConfigurationPlatforms) = postSolution
		{215301CD-A13A-40AB-9411-B1776B659E18}.Debug|Any CPU.ActiveCfg = Debug|Any CPU
		{215301CD-A13A-40AB-9411-B1776B659E18}.Debug|Any CPU.Build.0 = Debug|Any CPU
		{215301CD-A13A-40AB-9411-B1776B659E18}.Release|Any CPU.ActiveCfg = Release|Any CPU
		{215301CD-A13A-40AB-9411-B1776B659E18}.Release|Any CPU.Build.0 = Release|Any CPU
		{7D430891-5EB2-4638-A9AE-75C46FDC893F}.Debug|Any CPU.ActiveCfg = Debug|Any CPU
		{7D430891-5EB2-4638-A9AE-75C46FDC893F}.Debug|Any CPU.Build.0 = Debug|Any CPU
		{7D430891-5EB2-4638-A9AE-75C46FDC893F}.Release|Any CPU.ActiveCfg = Release|Any CPU
		{7D430891-5EB2-4638-A9AE-75C46FDC893F}.Release|Any CPU.Build.0 = Release|Any CPU
	EndGlobalSection
	GlobalSection(SolutionProperties) = preSolution
		HideSolutionNode = FALSE
	EndGlobalSection
EndGlobal
